
Microsoft Visual Studio Solution File, Format Version 12.00
# Visual Studio Version 16
VisualStudioVersion = 16.0.29418.71
MinimumVisualStudioVersion = 10.0.40219.1
Project("{8BC9CEB8-8B4A-11D0-8D11-00A0C91BC942}") = "Register", "Register.vcxproj", "{1E0E65BB-C4B3-4D80-9A84-AC3F1B699226}"
EndProject
Global
	GlobalSection(SolutionConfigurationPlatforms) = preSolution
		Debug|x64 = Debug|x64
		Debug|x86 = Debug|x86
		Release|x64 = Release|x64
		Release|x86 = Release|x86
	EndGlobalSection
	GlobalSection(ProjectConfigurationPlatforms) = postSolution
		{1E0E65BB-C4B3-4D80-9A84-AC3F1B699226}.Debug|x64.ActiveCfg = Debug|x64
		{1E0E65BB-C4B3-4D80-9A84-AC3F1B699226}.Debug|x64.Build.0 = Debug|x64
		{1E0E65BB-C4B3-4D80-9A84-AC3F1B699226}.Debug|x86.ActiveCfg = Debug|Win32
		{1E0E65BB-C4B3-4D80-9A84-AC3F1B699226}.Debug|x86.Build.0 = Debug|Win32
		{1E0E65BB-C4B3-4D80-9A84-AC3F1B699226}.Release|x64.ActiveCfg = Release|x64
		{1E0E65BB-C4B3-4D80-9A84-AC3F1B699226}.Release|x64.Build.0 = Release|x64
		{1E0E65BB-C4B3-4D80-9A84-AC3F1B699226}.Release|x86.ActiveCfg = Release|Win32
		{1E0E65BB-C4B3-4D80-9A84-AC3F1B699226}.Release|x86.Build.0 = Release|Win32
	EndGlobalSection
	GlobalSection(SolutionProperties) = preSolution
		HideSolutionNode = FALSE
	EndGlobalSection
	GlobalSection(ExtensibilityGlobals) = postSolution
		SolutionGuid = {C525A41D-0477-409D-866E-D38DBA030117}
	EndGlobalSection
EndGlobal
